
Microsoft Visual Studio Solution File, Format Version 12.00
# Visual Studio Version 16
VisualStudioVersion = 16.0.29020.237
MinimumVisualStudioVersion = 10.0.40219.1
Project("{D954291E-2A0B-460D-934E-DC6B0785DB48}") = "UnoAppRxSample.Shared", "UnoAppRxSample\UnoAppRxSample.Shared\UnoAppRxSample.Shared.shproj", "{6279C845-92F8-4333-AB99-3D213163593C}"
EndProject
Project("{FAE04EC0-301F-11D3-BF4B-00C04F79EFBC}") = "UnoAppRxSample.Droid", "UnoAppRxSample\UnoAppRxSample.Droid\UnoAppRxSample.Droid.csproj", "{5567BF3E-90E4-427A-AE92-9F26D8DB6530}"
EndProject
Project("{FAE04EC0-301F-11D3-BF4B-00C04F79EFBC}") = "UnoAppRxSample.iOS", "UnoAppRxSample\UnoAppRxSample.iOS\UnoAppRxSample.iOS.csproj", "{A22570AA-2F44-4A0E-AAFB-CF89EA6A5DDE}"
EndProject
Project("{FAE04EC0-301F-11D3-BF4B-00C04F79EFBC}") = "UnoAppRxSample.UWP", "UnoAppRxSample\UnoAppRxSample.UWP\UnoAppRxSample.UWP.csproj", "{F1ECAF87-5A99-4383-8721-CEE192481F79}"
EndProject
Project("{9A19103F-16F7-4668-BE54-9A1E7A4F7556}") = "UnoAppRxSample.Wasm", "UnoAppRxSample\UnoAppRxSample.Wasm\UnoAppRxSample.Wasm.csproj", "{52328313-C522-426E-A4DC-6092FD4950FF}"
EndProject
Global
	GlobalSection(SharedMSBuildProjectFiles) = preSolution
		UnoAppRxSample\UnoAppRxSample.Shared\UnoAppRxSample.Shared.projitems*{5567bf3e-90e4-427a-ae92-9f26d8db6530}*SharedItemsImports = 4
		UnoAppRxSample\UnoAppRxSample.Shared\UnoAppRxSample.Shared.projitems*{6279c845-92f8-4333-ab99-3d213163593c}*SharedItemsImports = 13
		UnoAppRxSample\UnoAppRxSample.Shared\UnoAppRxSample.Shared.projitems*{a22570aa-2f44-4a0e-aafb-cf89ea6a5dde}*SharedItemsImports = 4
		UnoAppRxSample\UnoAppRxSample.Shared\UnoAppRxSample.Shared.projitems*{f1ecaf87-5a99-4383-8721-cee192481f79}*SharedItemsImports = 4
	EndGlobalSection
	GlobalSection(SolutionConfigurationPlatforms) = preSolution
		Ad-Hoc|Any CPU = Ad-Hoc|Any CPU
		Ad-Hoc|ARM = Ad-Hoc|ARM
		Ad-Hoc|iPhone = Ad-Hoc|iPhone
		Ad-Hoc|iPhoneSimulator = Ad-Hoc|iPhoneSimulator
		Ad-Hoc|x64 = Ad-Hoc|x64
		Ad-Hoc|x86 = Ad-Hoc|x86
		AppStore|Any CPU = AppStore|Any CPU
		AppStore|ARM = AppStore|ARM
		AppStore|iPhone = AppStore|iPhone
		AppStore|iPhoneSimulator = AppStore|iPhoneSimulator
		AppStore|x64 = AppStore|x64
		AppStore|x86 = AppStore|x86
		Debug|Any CPU = Debug|Any CPU
		Debug|ARM = Debug|ARM
		Debug|iPhone = Debug|iPhone
		Debug|iPhoneSimulator = Debug|iPhoneSimulator
		Debug|x64 = Debug|x64
		Debug|x86 = Debug|x86
		Release|Any CPU = Release|Any CPU
		Release|ARM = Release|ARM
		Release|iPhone = Release|iPhone
		Release|iPhoneSimulator = Release|iPhoneSimulator
		Release|x64 = Release|x64
		Release|x86 = Release|x86
	EndGlobalSection
	GlobalSection(ProjectConfigurationPlatforms) = postSolution
		{5567BF3E-90E4-427A-AE92-9F26D8DB6530}.Ad-Hoc|Any CPU.ActiveCfg = Release|Any CPU
		{5567BF3E-90E4-427A-AE92-9F26D8DB6530}.Ad-Hoc|Any CPU.Build.0 = Release|Any CPU
		{5567BF3E-90E4-427A-AE92-9F26D8DB6530}.Ad-Hoc|Any CPU.Deploy.0 = Release|Any CPU
		{5567BF3E-90E4-427A-AE92-9F26D8DB6530}.Ad-Hoc|ARM.ActiveCfg = Release|Any CPU
		{5567BF3E-90E4-427A-AE92-9F26D8DB6530}.Ad-Hoc|ARM.Build.0 = Release|Any CPU
		{5567BF3E-90E4-427A-AE92-9F26D8DB6530}.Ad-Hoc|ARM.Deploy.0 = Release|Any CPU
		{5567BF3E-90E4-427A-AE92-9F26D8DB6530}.Ad-Hoc|iPhone.ActiveCfg = Release|Any CPU
		{5567BF3E-90E4-427A-AE92-9F26D8DB6530}.Ad-Hoc|iPhone.Build.0 = Release|Any CPU
		{5567BF3E-90E4-427A-AE92-9F26D8DB6530}.Ad-Hoc|iPhone.Deploy.0 = Release|Any CPU
		{5567BF3E-90E4-427A-AE92-9F26D8DB6530}.Ad-Hoc|iPhoneSimulator.ActiveCfg = Release|Any CPU
		{5567BF3E-90E4-427A-AE92-9F26D8DB6530}.Ad-Hoc|iPhoneSimulator.Build.0 = Release|Any CPU
		{5567BF3E-90E4-427A-AE92-9F26D8DB6530}.Ad-Hoc|iPhoneSimulator.Deploy.0 = Release|Any CPU
		{5567BF3E-90E4-427A-AE92-9F26D8DB6530}.Ad-Hoc|x64.ActiveCfg = Release|Any CPU
		{5567BF3E-90E4-427A-AE92-9F26D8DB6530}.Ad-Hoc|x64.Build.0 = Release|Any CPU
		{5567BF3E-90E4-427A-AE92-9F26D8DB6530}.Ad-Hoc|x64.Deploy.0 = Release|Any CPU
		{5567BF3E-90E4-427A-AE92-9F26D8DB6530}.Ad-Hoc|x86.ActiveCfg = Release|Any CPU
		{5567BF3E-90E4-427A-AE92-9F26D8DB6530}.Ad-Hoc|x86.Build.0 = Release|Any CPU
		{5567BF3E-90E4-427A-AE92-9F26D8DB6530}.Ad-Hoc|x86.Deploy.0 = Release|Any CPU
		{5567BF3E-90E4-427A-AE92-9F26D8DB6530}.AppStore|Any CPU.ActiveCfg = Release|Any CPU
		{5567BF3E-90E4-427A-AE92-9F26D8DB6530}.AppStore|Any CPU.Build.0 = Release|Any CPU
		{5567BF3E-90E4-427A-AE92-9F26D8DB6530}.AppStore|Any CPU.Deploy.0 = Release|Any CPU
		{5567BF3E-90E4-427A-AE92-9F26D8DB6530}.AppStore|ARM.ActiveCfg = Release|Any CPU
		{5567BF3E-90E4-427A-AE92-9F26D8DB6530}.AppStore|ARM.Build.0 = Release|Any CPU
		{5567BF3E-90E4-427A-AE92-9F26D8DB6530}.AppStore|ARM.Deploy.0 = Release|Any CPU
		{5567BF3E-90E4-427A-AE92-9F26D8DB6530}.AppStore|iPhone.ActiveCfg = Release|Any CPU
		{5567BF3E-90E4-427A-AE92-9F26D8DB6530}.AppStore|iPhone.Build.0 = Release|Any CPU
		{5567BF3E-90E4-427A-AE92-9F26D8DB6530}.AppStore|iPhone.Deploy.0 = Release|Any CPU
		{5567BF3E-90E4-427A-AE92-9F26D8DB6530}.AppStore|iPhoneSimulator.ActiveCfg = Release|Any CPU
		{5567BF3E-90E4-427A-AE92-9F26D8DB6530}.AppStore|iPhoneSimulator.Build.0 = Release|Any CPU
		{5567BF3E-90E4-427A-AE92-9F26D8DB6530}.AppStore|iPhoneSimulator.Deploy.0 = Release|Any CPU
		{5567BF3E-90E4-427A-AE92-9F26D8DB6530}.AppStore|x64.ActiveCfg = Release|Any CPU
		{5567BF3E-90E4-427A-AE92-9F26D8DB6530}.AppStore|x64.Build.0 = Release|Any CPU
		{5567BF3E-90E4-427A-AE92-9F26D8DB6530}.AppStore|x64.Deploy.0 = Release|Any CPU
		{5567BF3E-90E4-427A-AE92-9F26D8DB6530}.AppStore|x86.ActiveCfg = Release|Any CPU
		{5567BF3E-90E4-427A-AE92-9F26D8DB6530}.AppStore|x86.Build.0 = Release|Any CPU
		{5567BF3E-90E4-427A-AE92-9F26D8DB6530}.AppStore|x86.Deploy.0 = Release|Any CPU
		{5567BF3E-90E4-427A-AE92-9F26D8DB6530}.Debug|Any CPU.ActiveCfg = Debug|Any CPU
		{5567BF3E-90E4-427A-AE92-9F26D8DB6530}.Debug|Any CPU.Build.0 = Debug|Any CPU
		{5567BF3E-90E4-427A-AE92-9F26D8DB6530}.Debug|Any CPU.Deploy.0 = Debug|Any CPU
		{5567BF3E-90E4-427A-AE92-9F26D8DB6530}.Debug|ARM.ActiveCfg = Debug|Any CPU
		{5567BF3E-90E4-427A-AE92-9F26D8DB6530}.Debug|ARM.Build.0 = Debug|Any CPU
		{5567BF3E-90E4-427A-AE92-9F26D8DB6530}.Debug|ARM.Deploy.0 = Debug|Any CPU
		{5567BF3E-90E4-427A-AE92-9F26D8DB6530}.Debug|iPhone.ActiveCfg = Debug|Any CPU
		{5567BF3E-90E4-427A-AE92-9F26D8DB6530}.Debug|iPhone.Build.0 = Debug|Any CPU
		{5567BF3E-90E4-427A-AE92-9F26D8DB6530}.Debug|iPhone.Deploy.0 = Debug|Any CPU
		{5567BF3E-90E4-427A-AE92-9F26D8DB6530}.Debug|iPhoneSimulator.ActiveCfg = Debug|Any CPU
		{5567BF3E-90E4-427A-AE92-9F26D8DB6530}.Debug|iPhoneSimulator.Build.0 = Debug|Any CPU
		{5567BF3E-90E4-427A-AE92-9F26D8DB6530}.Debug|iPhoneSimulator.Deploy.0 = Debug|Any CPU
		{5567BF3E-90E4-427A-AE92-9F26D8DB6530}.Debug|x64.ActiveCfg = Debug|Any CPU
		{5567BF3E-90E4-427A-AE92-9F26D8DB6530}.Debug|x64.Build.0 = Debug|Any CPU
		{5567BF3E-90E4-427A-AE92-9F26D8DB6530}.Debug|x64.Deploy.0 = Debug|Any CPU
		{5567BF3E-90E4-427A-AE92-9F26D8DB6530}.Debug|x86.ActiveCfg = Debug|Any CPU
		{5567BF3E-90E4-427A-AE92-9F26D8DB6530}.Debug|x86.Build.0 = Debug|Any CPU
		{5567BF3E-90E4-427A-AE92-9F26D8DB6530}.Debug|x86.Deploy.0 = Debug|Any CPU
		{5567BF3E-90E4-427A-AE92-9F26D8DB6530}.Release|Any CPU.ActiveCfg = Release|Any CPU
		{5567BF3E-90E4-427A-AE92-9F26D8DB6530}.Release|Any CPU.Build.0 = Release|Any CPU
		{5567BF3E-90E4-427A-AE92-9F26D8DB6530}.Release|Any CPU.Deploy.0 = Release|Any CPU
		{5567BF3E-90E4-427A-AE92-9F26D8DB6530}.Release|ARM.ActiveCfg = Release|Any CPU
		{5567BF3E-90E4-427A-AE92-9F26D8DB6530}.Release|ARM.Build.0 = Release|Any CPU
		{5567BF3E-90E4-427A-AE92-9F26D8DB6530}.Release|ARM.Deploy.0 = Release|Any CPU
		{5567BF3E-90E4-427A-AE92-9F26D8DB6530}.Release|iPhone.ActiveCfg = Release|Any CPU
		{5567BF3E-90E4-427A-AE92-9F26D8DB6530}.Release|iPhone.Build.0 = Release|Any CPU
		{5567BF3E-90E4-427A-AE92-9F26D8DB6530}.Release|iPhone.Deploy.0 = Release|Any CPU
		{5567BF3E-90E4-427A-AE92-9F26D8DB6530}.Release|iPhoneSimulator.ActiveCfg = Release|Any CPU
		{5567BF3E-90E4-427A-AE92-9F26D8DB6530}.Release|iPhoneSimulator.Build.0 = Release|Any CPU
		{5567BF3E-90E4-427A-AE92-9F26D8DB6530}.Release|iPhoneSimulator.Deploy.0 = Release|Any CPU
		{5567BF3E-90E4-427A-AE92-9F26D8DB6530}.Release|x64.ActiveCfg = Release|Any CPU
		{5567BF3E-90E4-427A-AE92-9F26D8DB6530}.Release|x64.Build.0 = Release|Any CPU
		{5567BF3E-90E4-427A-AE92-9F26D8DB6530}.Release|x64.Deploy.0 = Release|Any CPU
		{5567BF3E-90E4-427A-AE92-9F26D8DB6530}.Release|x86.ActiveCfg = Release|Any CPU
		{5567BF3E-90E4-427A-AE92-9F26D8DB6530}.Release|x86.Build.0 = Release|Any CPU
		{5567BF3E-90E4-427A-AE92-9F26D8DB6530}.Release|x86.Deploy.0 = Release|Any CPU
		{A22570AA-2F44-4A0E-AAFB-CF89EA6A5DDE}.Ad-Hoc|Any CPU.ActiveCfg = Ad-Hoc|iPhone
		{A22570AA-2F44-4A0E-AAFB-CF89EA6A5DDE}.Ad-Hoc|ARM.ActiveCfg = Ad-Hoc|iPhone
		{A22570AA-2F44-4A0E-AAFB-CF89EA6A5DDE}.Ad-Hoc|iPhone.ActiveCfg = Ad-Hoc|iPhone
		{A22570AA-2F44-4A0E-AAFB-CF89EA6A5DDE}.Ad-Hoc|iPhone.Build.0 = Ad-Hoc|iPhone
		{A22570AA-2F44-4A0E-AAFB-CF89EA6A5DDE}.Ad-Hoc|iPhoneSimulator.ActiveCfg = Ad-Hoc|iPhoneSimulator
		{A22570AA-2F44-4A0E-AAFB-CF89EA6A5DDE}.Ad-Hoc|iPhoneSimulator.Build.0 = Ad-Hoc|iPhoneSimulator
		{A22570AA-2F44-4A0E-AAFB-CF89EA6A5DDE}.Ad-Hoc|x64.ActiveCfg = Ad-Hoc|iPhone
		{A22570AA-2F44-4A0E-AAFB-CF89EA6A5DDE}.Ad-Hoc|x86.ActiveCfg = Ad-Hoc|iPhone
		{A22570AA-2F44-4A0E-AAFB-CF89EA6A5DDE}.AppStore|Any CPU.ActiveCfg = AppStore|iPhone
		{A22570AA-2F44-4A0E-AAFB-CF89EA6A5DDE}.AppStore|ARM.ActiveCfg = AppStore|iPhone
		{A22570AA-2F44-4A0E-AAFB-CF89EA6A5DDE}.AppStore|iPhone.ActiveCfg = AppStore|iPhone
		{A22570AA-2F44-4A0E-AAFB-CF89EA6A5DDE}.AppStore|iPhone.Build.0 = AppStore|iPhone
		{A22570AA-2F44-4A0E-AAFB-CF89EA6A5DDE}.AppStore|iPhoneSimulator.ActiveCfg = AppStore|iPhoneSimulator
		{A22570AA-2F44-4A0E-AAFB-CF89EA6A5DDE}.AppStore|iPhoneSimulator.Build.0 = AppStore|iPhoneSimulator
		{A22570AA-2F44-4A0E-AAFB-CF89EA6A5DDE}.AppStore|x64.ActiveCfg = AppStore|iPhone
		{A22570AA-2F44-4A0E-AAFB-CF89EA6A5DDE}.AppStore|x86.ActiveCfg = AppStore|iPhone
		{A22570AA-2F44-4A0E-AAFB-CF89EA6A5DDE}.Debug|Any CPU.ActiveCfg = Debug|iPhone
		{A22570AA-2F44-4A0E-AAFB-CF89EA6A5DDE}.Debug|ARM.ActiveCfg = Debug|iPhone
		{A22570AA-2F44-4A0E-AAFB-CF89EA6A5DDE}.Debug|iPhone.ActiveCfg = Debug|iPhone
		{A22570AA-2F44-4A0E-AAFB-CF89EA6A5DDE}.Debug|iPhone.Build.0 = Debug|iPhone
		{A22570AA-2F44-4A0E-AAFB-CF89EA6A5DDE}.Debug|iPhoneSimulator.ActiveCfg = Debug|iPhoneSimulator
		{A22570AA-2F44-4A0E-AAFB-CF89EA6A5DDE}.Debug|iPhoneSimulator.Build.0 = Debug|iPhoneSimulator
		{A22570AA-2F44-4A0E-AAFB-CF89EA6A5DDE}.Debug|x64.ActiveCfg = Debug|iPhone
		{A22570AA-2F44-4A0E-AAFB-CF89EA6A5DDE}.Debug|x86.ActiveCfg = Debug|iPhone
		{A22570AA-2F44-4A0E-AAFB-CF89EA6A5DDE}.Release|Any CPU.ActiveCfg = Release|iPhone
		{A22570AA-2F44-4A0E-AAFB-CF89EA6A5DDE}.Release|ARM.ActiveCfg = Release|iPhone
		{A22570AA-2F44-4A0E-AAFB-CF89EA6A5DDE}.Release|iPhone.ActiveCfg = Release|iPhone
		{A22570AA-2F44-4A0E-AAFB-CF89EA6A5DDE}.Release|iPhone.Build.0 = Release|iPhone
		{A22570AA-2F44-4A0E-AAFB-CF89EA6A5DDE}.Release|iPhoneSimulator.ActiveCfg = Release|iPhoneSimulator
		{A22570AA-2F44-4A0E-AAFB-CF89EA6A5DDE}.Release|iPhoneSimulator.Build.0 = Release|iPhoneSimulator
		{A22570AA-2F44-4A0E-AAFB-CF89EA6A5DDE}.Release|x64.ActiveCfg = Release|iPhone
		{A22570AA-2F44-4A0E-AAFB-CF89EA6A5DDE}.Release|x86.ActiveCfg = Release|iPhone
		{F1ECAF87-5A99-4383-8721-CEE192481F79}.Ad-Hoc|Any CPU.ActiveCfg = Release|x64
		{F1ECAF87-5A99-4383-8721-CEE192481F79}.Ad-Hoc|Any CPU.Build.0 = Release|x64
		{F1ECAF87-5A99-4383-8721-CEE192481F79}.Ad-Hoc|Any CPU.Deploy.0 = Release|x64
		{F1ECAF87-5A99-4383-8721-CEE192481F79}.Ad-Hoc|ARM.ActiveCfg = Release|ARM
		{F1ECAF87-5A99-4383-8721-CEE192481F79}.Ad-Hoc|ARM.Build.0 = Release|ARM
		{F1ECAF87-5A99-4383-8721-CEE192481F79}.Ad-Hoc|ARM.Deploy.0 = Release|ARM
		{F1ECAF87-5A99-4383-8721-CEE192481F79}.Ad-Hoc|iPhone.ActiveCfg = Release|x64
		{F1ECAF87-5A99-4383-8721-CEE192481F79}.Ad-Hoc|iPhone.Build.0 = Release|x64
		{F1ECAF87-5A99-4383-8721-CEE192481F79}.Ad-Hoc|iPhone.Deploy.0 = Release|x64
		{F1ECAF87-5A99-4383-8721-CEE192481F79}.Ad-Hoc|iPhoneSimulator.ActiveCfg = Release|x64
		{F1ECAF87-5A99-4383-8721-CEE192481F79}.Ad-Hoc|iPhoneSimulator.Build.0 = Release|x64
		{F1ECAF87-5A99-4383-8721-CEE192481F79}.Ad-Hoc|iPhoneSimulator.Deploy.0 = Release|x64
		{F1ECAF87-5A99-4383-8721-CEE192481F79}.Ad-Hoc|x64.ActiveCfg = Release|x64
		{F1ECAF87-5A99-4383-8721-CEE192481F79}.Ad-Hoc|x64.Build.0 = Release|x64
		{F1ECAF87-5A99-4383-8721-CEE192481F79}.Ad-Hoc|x64.Deploy.0 = Release|x64
		{F1ECAF87-5A99-4383-8721-CEE192481F79}.Ad-Hoc|x86.ActiveCfg = Release|x86
		{F1ECAF87-5A99-4383-8721-CEE192481F79}.Ad-Hoc|x86.Build.0 = Release|x86
		{F1ECAF87-5A99-4383-8721-CEE192481F79}.Ad-Hoc|x86.Deploy.0 = Release|x86
		{F1ECAF87-5A99-4383-8721-CEE192481F79}.AppStore|Any CPU.ActiveCfg = Release|x64
		{F1ECAF87-5A99-4383-8721-CEE192481F79}.AppStore|Any CPU.Build.0 = Release|x64
		{F1ECAF87-5A99-4383-8721-CEE192481F79}.AppStore|Any CPU.Deploy.0 = Release|x64
		{F1ECAF87-5A99-4383-8721-CEE192481F79}.AppStore|ARM.ActiveCfg = Release|ARM
		{F1ECAF87-5A99-4383-8721-CEE192481F79}.AppStore|ARM.Build.0 = Release|ARM
		{F1ECAF87-5A99-4383-8721-CEE192481F79}.AppStore|ARM.Deploy.0 = Release|ARM
		{F1ECAF87-5A99-4383-8721-CEE192481F79}.AppStore|iPhone.ActiveCfg = Release|x64
		{F1ECAF87-5A99-4383-8721-CEE192481F79}.AppStore|iPhone.Build.0 = Release|x64
		{F1ECAF87-5A99-4383-8721-CEE192481F79}.AppStore|iPhone.Deploy.0 = Release|x64
		{F1ECAF87-5A99-4383-8721-CEE192481F79}.AppStore|iPhoneSimulator.ActiveCfg = Release|x64
		{F1ECAF87-5A99-4383-8721-CEE192481F79}.AppStore|iPhoneSimulator.Build.0 = Release|x64
		{F1ECAF87-5A99-4383-8721-CEE192481F79}.AppStore|iPhoneSimulator.Deploy.0 = Release|x64
		{F1ECAF87-5A99-4383-8721-CEE192481F79}.AppStore|x64.ActiveCfg = Release|x64
		{F1ECAF87-5A99-4383-8721-CEE192481F79}.AppStore|x64.Build.0 = Release|x64
		{F1ECAF87-5A99-4383-8721-CEE192481F79}.AppStore|x64.Deploy.0 = Release|x64
		{F1ECAF87-5A99-4383-8721-CEE192481F79}.AppStore|x86.ActiveCfg = Release|x86
		{F1ECAF87-5A99-4383-8721-CEE192481F79}.AppStore|x86.Build.0 = Release|x86
		{F1ECAF87-5A99-4383-8721-CEE192481F79}.AppStore|x86.Deploy.0 = Release|x86
		{F1ECAF87-5A99-4383-8721-CEE192481F79}.Debug|Any CPU.ActiveCfg = Debug|x86
		{F1ECAF87-5A99-4383-8721-CEE192481F79}.Debug|ARM.ActiveCfg = Debug|ARM
		{F1ECAF87-5A99-4383-8721-CEE192481F79}.Debug|ARM.Build.0 = Debug|ARM
		{F1ECAF87-5A99-4383-8721-CEE192481F79}.Debug|ARM.Deploy.0 = Debug|ARM
		{F1ECAF87-5A99-4383-8721-CEE192481F79}.Debug|iPhone.ActiveCfg = Debug|x86
		{F1ECAF87-5A99-4383-8721-CEE192481F79}.Debug|iPhoneSimulator.ActiveCfg = Debug|x86
		{F1ECAF87-5A99-4383-8721-CEE192481F79}.Debug|x64.ActiveCfg = Debug|x64
		{F1ECAF87-5A99-4383-8721-CEE192481F79}.Debug|x64.Build.0 = Debug|x64
		{F1ECAF87-5A99-4383-8721-CEE192481F79}.Debug|x64.Deploy.0 = Debug|x64
		{F1ECAF87-5A99-4383-8721-CEE192481F79}.Debug|x86.ActiveCfg = Debug|x86
		{F1ECAF87-5A99-4383-8721-CEE192481F79}.Debug|x86.Build.0 = Debug|x86
		{F1ECAF87-5A99-4383-8721-CEE192481F79}.Debug|x86.Deploy.0 = Debug|x86
		{F1ECAF87-5A99-4383-8721-CEE192481F79}.Release|Any CPU.ActiveCfg = Release|x86
		{F1ECAF87-5A99-4383-8721-CEE192481F79}.Release|ARM.ActiveCfg = Release|ARM
		{F1ECAF87-5A99-4383-8721-CEE192481F79}.Release|ARM.Build.0 = Release|ARM
		{F1ECAF87-5A99-4383-8721-CEE192481F79}.Release|ARM.Deploy.0 = Release|ARM
		{F1ECAF87-5A99-4383-8721-CEE192481F79}.Release|iPhone.ActiveCfg = Release|x86
		{F1ECAF87-5A99-4383-8721-CEE192481F79}.Release|iPhoneSimulator.ActiveCfg = Release|x86
		{F1ECAF87-5A99-4383-8721-CEE192481F79}.Release|x64.ActiveCfg = Release|x64
		{F1ECAF87-5A99-4383-8721-CEE192481F79}.Release|x64.Build.0 = Release|x64
		{F1ECAF87-5A99-4383-8721-CEE192481F79}.Release|x64.Deploy.0 = Release|x64
		{F1ECAF87-5A99-4383-8721-CEE192481F79}.Release|x86.ActiveCfg = Release|x86
		{F1ECAF87-5A99-4383-8721-CEE192481F79}.Release|x86.Build.0 = Release|x86
		{F1ECAF87-5A99-4383-8721-CEE192481F79}.Release|x86.Deploy.0 = Release|x86
		{52328313-C522-426E-A4DC-6092FD4950FF}.Ad-Hoc|Any CPU.ActiveCfg = Debug|Any CPU
		{52328313-C522-426E-A4DC-6092FD4950FF}.Ad-Hoc|Any CPU.Build.0 = Debug|Any CPU
		{52328313-C522-426E-A4DC-6092FD4950FF}.Ad-Hoc|ARM.ActiveCfg = Debug|Any CPU
		{52328313-C522-426E-A4DC-6092FD4950FF}.Ad-Hoc|ARM.Build.0 = Debug|Any CPU
		{52328313-C522-426E-A4DC-6092FD4950FF}.Ad-Hoc|iPhone.ActiveCfg = Debug|Any CPU
		{52328313-C522-426E-A4DC-6092FD4950FF}.Ad-Hoc|iPhone.Build.0 = Debug|Any CPU
		{52328313-C522-426E-A4DC-6092FD4950FF}.Ad-Hoc|iPhoneSimulator.ActiveCfg = Debug|Any CPU
		{52328313-C522-426E-A4DC-6092FD4950FF}.Ad-Hoc|iPhoneSimulator.Build.0 = Debug|Any CPU
		{52328313-C522-426E-A4DC-6092FD4950FF}.Ad-Hoc|x64.ActiveCfg = Debug|Any CPU
		{52328313-C522-426E-A4DC-6092FD4950FF}.Ad-Hoc|x64.Build.0 = Debug|Any CPU
		{52328313-C522-426E-A4DC-6092FD4950FF}.Ad-Hoc|x86.ActiveCfg = Debug|Any CPU
		{52328313-C522-426E-A4DC-6092FD4950FF}.Ad-Hoc|x86.Build.0 = Debug|Any CPU
		{52328313-C522-426E-A4DC-6092FD4950FF}.AppStore|Any CPU.ActiveCfg = Debug|Any CPU
		{52328313-C522-426E-A4DC-6092FD4950FF}.AppStore|Any CPU.Build.0 = Debug|Any CPU
		{52328313-C522-426E-A4DC-6092FD4950FF}.AppStore|ARM.ActiveCfg = Debug|Any CPU
		{52328313-C522-426E-A4DC-6092FD4950FF}.AppStore|ARM.Build.0 = Debug|Any CPU
		{52328313-C522-426E-A4DC-6092FD4950FF}.AppStore|iPhone.ActiveCfg = Debug|Any CPU
		{52328313-C522-426E-A4DC-6092FD4950FF}.AppStore|iPhone.Build.0 = Debug|Any CPU
		{52328313-C522-426E-A4DC-6092FD4950FF}.AppStore|iPhoneSimulator.ActiveCfg = Debug|Any CPU
		{52328313-C522-426E-A4DC-6092FD4950FF}.AppStore|iPhoneSimulator.Build.0 = Debug|Any CPU
		{52328313-C522-426E-A4DC-6092FD4950FF}.AppStore|x64.ActiveCfg = Debug|Any CPU
		{52328313-C522-426E-A4DC-6092FD4950FF}.AppStore|x64.Build.0 = Debug|Any CPU
		{52328313-C522-426E-A4DC-6092FD4950FF}.AppStore|x86.ActiveCfg = Debug|Any CPU
		{52328313-C522-426E-A4DC-6092FD4950FF}.AppStore|x86.Build.0 = Debug|Any CPU
		{52328313-C522-426E-A4DC-6092FD4950FF}.Debug|Any CPU.ActiveCfg = Debug|Any CPU
		{52328313-C522-426E-A4DC-6092FD4950FF}.Debug|Any CPU.Build.0 = Debug|Any CPU
		{52328313-C522-426E-A4DC-6092FD4950FF}.Debug|ARM.ActiveCfg = Debug|Any CPU
		{52328313-C522-426E-A4DC-6092FD4950FF}.Debug|ARM.Build.0 = Debug|Any CPU
		{52328313-C522-426E-A4DC-6092FD4950FF}.Debug|iPhone.ActiveCfg = Debug|Any CPU
		{52328313-C522-426E-A4DC-6092FD4950FF}.Debug|iPhone.Build.0 = Debug|Any CPU
		{52328313-C522-426E-A4DC-6092FD4950FF}.Debug|iPhoneSimulator.ActiveCfg = Debug|Any CPU
		{52328313-C522-426E-A4DC-6092FD4950FF}.Debug|iPhoneSimulator.Build.0 = Debug|Any CPU
		{52328313-C522-426E-A4DC-6092FD4950FF}.Debug|x64.ActiveCfg = Debug|Any CPU
		{52328313-C522-426E-A4DC-6092FD4950FF}.Debug|x64.Build.0 = Debug|Any CPU
		{52328313-C522-426E-A4DC-6092FD4950FF}.Debug|x86.ActiveCfg = Debug|Any CPU
		{52328313-C522-426E-A4DC-6092FD4950FF}.Debug|x86.Build.0 = Debug|Any CPU
		{52328313-C522-426E-A4DC-6092FD4950FF}.Release|Any CPU.ActiveCfg = Release|Any CPU
		{52328313-C522-426E-A4DC-6092FD4950FF}.Release|Any CPU.Build.0 = Release|Any CPU
		{52328313-C522-426E-A4DC-6092FD4950FF}.Release|ARM.ActiveCfg = Release|Any CPU
		{52328313-C522-426E-A4DC-6092FD4950FF}.Release|ARM.Build.0 = Release|Any CPU
		{52328313-C522-426E-A4DC-6092FD4950FF}.Release|iPhone.ActiveCfg = Release|Any CPU
		{52328313-C522-426E-A4DC-6092FD4950FF}.Release|iPhone.Build.0 = Release|Any CPU
		{52328313-C522-426E-A4DC-6092FD4950FF}.Release|iPhoneSimulator.ActiveCfg = Release|Any CPU
		{52328313-C522-426E-A4DC-6092FD4950FF}.Release|iPhoneSimulator.Build.0 = Release|Any CPU
		{52328313-C522-426E-A4DC-6092FD4950FF}.Release|x64.ActiveCfg = Release|Any CPU
		{52328313-C522-426E-A4DC-6092FD4950FF}.Release|x64.Build.0 = Release|Any CPU
		{52328313-C522-426E-A4DC-6092FD4950FF}.Release|x86.ActiveCfg = Release|Any CPU
		{52328313-C522-426E-A4DC-6092FD4950FF}.Release|x86.Build.0 = Release|Any CPU
	EndGlobalSection
	GlobalSection(SolutionProperties) = preSolution
		HideSolutionNode = FALSE
	EndGlobalSection
	GlobalSection(ExtensibilityGlobals) = postSolution
		SolutionGuid = {00AA8724-F563-48CB-A4B1-5BDD593FFFBA}
	EndGlobalSection
EndGlobal
